
Microsoft Visual Studio Solution File, Format Version 12.00
# Visual Studio Version 17
VisualStudioVersion = 17.3.32922.545
MinimumVisualStudioVersion = 10.0.40219.1
Project("{8BC9CEB8-8B4A-11D0-8D11-00A0C91BC942}") = "Project6.4i", "Project6.4i\Project6.4i.vcxproj", "{D5396BEB-6125-4FFA-9894-B99379419198}"
EndProject
Project("{8BC9CEB8-8B4A-11D0-8D11-00A0C91BC942}") = "UnitTest1", "UnitTest1\UnitTest1.vcxproj", "{FFA78B99-08F5-4014-B969-14BD86991102}"
EndProject
Global
	GlobalSection(SolutionConfigurationPlatforms) = preSolution
		Debug|x64 = Debug|x64
		Debug|x86 = Debug|x86
		Release|x64 = Release|x64
		Release|x86 = Release|x86
	EndGlobalSection
	GlobalSection(ProjectConfigurationPlatforms) = postSolution
		{D5396BEB-6125-4FFA-9894-B99379419198}.Debug|x64.ActiveCfg = Debug|x64
		{D5396BEB-6125-4FFA-9894-B99379419198}.Debug|x64.Build.0 = Debug|x64
		{D5396BEB-6125-4FFA-9894-B99379419198}.Debug|x86.ActiveCfg = Debug|Win32
		{D5396BEB-6125-4FFA-9894-B99379419198}.Debug|x86.Build.0 = Debug|Win32
		{D5396BEB-6125-4FFA-9894-B99379419198}.Release|x64.ActiveCfg = Release|x64
		{D5396BEB-6125-4FFA-9894-B99379419198}.Release|x64.Build.0 = Release|x64
		{D5396BEB-6125-4FFA-9894-B99379419198}.Release|x86.ActiveCfg = Release|Win32
		{D5396BEB-6125-4FFA-9894-B99379419198}.Release|x86.Build.0 = Release|Win32
		{FFA78B99-08F5-4014-B969-14BD86991102}.Debug|x64.ActiveCfg = Debug|x64
		{FFA78B99-08F5-4014-B969-14BD86991102}.Debug|x64.Build.0 = Debug|x64
		{FFA78B99-08F5-4014-B969-14BD86991102}.Debug|x86.ActiveCfg = Debug|Win32
		{FFA78B99-08F5-4014-B969-14BD86991102}.Debug|x86.Build.0 = Debug|Win32
		{FFA78B99-08F5-4014-B969-14BD86991102}.Release|x64.ActiveCfg = Release|x64
		{FFA78B99-08F5-4014-B969-14BD86991102}.Release|x64.Build.0 = Release|x64
		{FFA78B99-08F5-4014-B969-14BD86991102}.Release|x86.ActiveCfg = Release|Win32
		{FFA78B99-08F5-4014-B969-14BD86991102}.Release|x86.Build.0 = Release|Win32
	EndGlobalSection
	GlobalSection(SolutionProperties) = preSolution
		HideSolutionNode = FALSE
	EndGlobalSection
	GlobalSection(ExtensibilityGlobals) = postSolution
		SolutionGuid = {EBA04788-EE5B-4C7A-B182-9D5F7003060A}
	EndGlobalSection
EndGlobal
